// !$*UTF8*$!
{
	archiveVersion = 1;
	classes = {
	};
	objectVersion = 56;
	objects = {

/* Begin PBXBuildFile section */
		A1B2C3D4E5F6020000 /* main.swift in Sources */ = {isa = PBXBuildFile; fileRef = A1B2C3D4E5F6010000 /* main.swift */; };
		A1B2C3D4E5F6020100 /* AppDelegate.swift in Sources */ = {isa = PBXBuildFile; fileRef = A1B2C3D4E5F6010100 /* AppDelegate.swift */; };
		A1B2C3D4E5F6020200 /* ClipItem.swift in Sources */ = {isa = PBXBuildFile; fileRef = A1B2C3D4E5F6010200 /* ClipItem.swift */; };
		A1B2C3D4E5F6020300 /* ClipboardHistory.swift in Sources */ = {isa = PBXBuildFile; fileRef = A1B2C3D4E5F6010300 /* ClipboardHistory.swift */; };
		A1B2C3D4E5F6020400 /* ClipboardMonitor.swift in Sources */ = {isa = PBXBuildFile; fileRef = A1B2C3D4E5F6010400 /* ClipboardMonitor.swift */; };
		A1B2C3D4E5F6020500 /* ClipboardPopupController.swift in Sources */ = {isa = PBXBuildFile; fileRef = A1B2C3D4E5F6010500 /* ClipboardPopupController.swift */; };
		A1B2C3D4E5F6020600 /* PasteService.swift in Sources */ = {isa = PBXBuildFile; fileRef = A1B2C3D4E5F6010600 /* PasteService.swift */; };
		A1B2C3D4E5F6020700 /* HotkeyManager.swift in Sources */ = {isa = PBXBuildFile; fileRef = A1B2C3D4E5F6010700 /* HotkeyManager.swift */; };
		A1B2C3D4E5F6020800 /* Snippet.swift in Sources */ = {isa = PBXBuildFile; fileRef = A1B2C3D4E5F6010800 /* Snippet.swift */; };
		A1B2C3D4E5F6020900 /* SnippetFolder.swift in Sources */ = {isa = PBXBuildFile; fileRef = A1B2C3D4E5F6010900 /* SnippetFolder.swift */; };
		A1B2C3D4E5F6020A00 /* SnippetManager.swift in Sources */ = {isa = PBXBuildFile; fileRef = A1B2C3D4E5F6010A00 /* SnippetManager.swift */; };
		A1B2C3D4E5F6020B00 /* Preferences.swift in Sources */ = {isa = PBXBuildFile; fileRef = A1B2C3D4E5F6010B00 /* Preferences.swift */; };
		A1B2C3D4E5F6020C00 /* MenuBarManager.swift in Sources */ = {isa = PBXBuildFile; fileRef = A1B2C3D4E5F6010C00 /* MenuBarManager.swift */; };
		A1B2C3D4E5F6020D00 /* PreferencesWindowController.swift in Sources */ = {isa = PBXBuildFile; fileRef = A1B2C3D4E5F6010D00 /* PreferencesWindowController.swift */; };
		A1B2C3D4E5F6020E00 /* SnippetsEditorWindowController.swift in Sources */ = {isa = PBXBuildFile; fileRef = A1B2C3D4E5F6010E00 /* SnippetsEditorWindowController.swift */; };
		A1B2C3D4E5F6020F00 /* Extensions.swift in Sources */ = {isa = PBXBuildFile; fileRef = A1B2C3D4E5F6010F00 /* Extensions.swift */; };
		A1B2C3D4E5F6021000 /* UpdaterManager.swift in Sources */ = {isa = PBXBuildFile; fileRef = A1B2C3D4E5F6011000 /* UpdaterManager.swift */; };
		A1B2C3D4E5F6021100 /* AppLogger.swift in Sources */ = {isa = PBXBuildFile; fileRef = A1B2C3D4E5F6011100 /* AppLogger.swift */; };
		A1B2C3D4E5F6021200 /* Assets.xcassets in Resources */ = {isa = PBXBuildFile; fileRef = A1B2C3D4E5F6011200 /* Assets.xcassets */; };
		A1B2C3D4E5F6021300 /* Modern Clipboard Quick Start v1.0.0.pdf in Resources */ = {isa = PBXBuildFile; fileRef = A1B2C3D4E5F6011300 /* Modern Clipboard Quick Start v1.0.0.pdf */; };
		A1B2C3D4E5F6040200 /* Sparkle in Frameworks */ = {isa = PBXBuildFile; productRef = A1B2C3D4E5F6040100 /* Sparkle */; };
/* End PBXBuildFile section */

/* Begin PBXFileReference section */
		A1B2C3D4E5F6010000 /* main.swift */ = {isa = PBXFileReference; lastKnownFileType = sourcecode.swift; path = main.swift; sourceTree = "<group>"; };
		A1B2C3D4E5F6010100 /* AppDelegate.swift */ = {isa = PBXFileReference; lastKnownFileType = sourcecode.swift; path = AppDelegate.swift; sourceTree = "<group>"; };
		A1B2C3D4E5F6010200 /* ClipItem.swift */ = {isa = PBXFileReference; lastKnownFileType = sourcecode.swift; path = ClipItem.swift; sourceTree = "<group>"; };
		A1B2C3D4E5F6010300 /* ClipboardHistory.swift */ = {isa = PBXFileReference; lastKnownFileType = sourcecode.swift; path = ClipboardHistory.swift; sourceTree = "<group>"; };
		A1B2C3D4E5F6010400 /* ClipboardMonitor.swift */ = {isa = PBXFileReference; lastKnownFileType = sourcecode.swift; path = ClipboardMonitor.swift; sourceTree = "<group>"; };
		A1B2C3D4E5F6010500 /* ClipboardPopupController.swift */ = {isa = PBXFileReference; lastKnownFileType = sourcecode.swift; path = ClipboardPopupController.swift; sourceTree = "<group>"; };
		A1B2C3D4E5F6010600 /* PasteService.swift */ = {isa = PBXFileReference; lastKnownFileType = sourcecode.swift; path = PasteService.swift; sourceTree = "<group>"; };
		A1B2C3D4E5F6010700 /* HotkeyManager.swift */ = {isa = PBXFileReference; lastKnownFileType = sourcecode.swift; path = HotkeyManager.swift; sourceTree = "<group>"; };
		A1B2C3D4E5F6010800 /* Snippet.swift */ = {isa = PBXFileReference; lastKnownFileType = sourcecode.swift; path = Snippet.swift; sourceTree = "<group>"; };
		A1B2C3D4E5F6010900 /* SnippetFolder.swift */ = {isa = PBXFileReference; lastKnownFileType = sourcecode.swift; path = SnippetFolder.swift; sourceTree = "<group>"; };
		A1B2C3D4E5F6010A00 /* SnippetManager.swift */ = {isa = PBXFileReference; lastKnownFileType = sourcecode.swift; path = SnippetManager.swift; sourceTree = "<group>"; };
		A1B2C3D4E5F6010B00 /* Preferences.swift */ = {isa = PBXFileReference; lastKnownFileType = sourcecode.swift; path = Preferences.swift; sourceTree = "<group>"; };
		A1B2C3D4E5F6010C00 /* MenuBarManager.swift */ = {isa = PBXFileReference; lastKnownFileType = sourcecode.swift; path = MenuBarManager.swift; sourceTree = "<group>"; };
		A1B2C3D4E5F6010D00 /* PreferencesWindowController.swift */ = {isa = PBXFileReference; lastKnownFileType = sourcecode.swift; path = PreferencesWindowController.swift; sourceTree = "<group>"; };
		A1B2C3D4E5F6010E00 /* SnippetsEditorWindowController.swift */ = {isa = PBXFileReference; lastKnownFileType = sourcecode.swift; path = SnippetsEditorWindowController.swift; sourceTree = "<group>"; };
		A1B2C3D4E5F6010F00 /* Extensions.swift */ = {isa = PBXFileReference; lastKnownFileType = sourcecode.swift; path = Extensions.swift; sourceTree = "<group>"; };
		A1B2C3D4E5F6011000 /* UpdaterManager.swift */ = {isa = PBXFileReference; lastKnownFileType = sourcecode.swift; path = UpdaterManager.swift; sourceTree = "<group>"; };
		A1B2C3D4E5F6011100 /* AppLogger.swift */ = {isa = PBXFileReference; lastKnownFileType = sourcecode.swift; path = AppLogger.swift; sourceTree = "<group>"; };
		A1B2C3D4E5F6011200 /* Assets.xcassets */ = {isa = PBXFileReference; lastKnownFileType = folder.assetcatalog; path = Assets.xcassets; sourceTree = "<group>"; };
		A1B2C3D4E5F6011300 /* Modern Clipboard Quick Start v1.0.0.pdf */ = {isa = PBXFileReference; lastKnownFileType = file; path = "Modern Clipboard Quick Start v1.0.0.pdf"; sourceTree = "<group>"; };
		A1B2C3D4E5F6030000 /* Info.plist */ = {isa = PBXFileReference; lastKnownFileType = text.plist.xml; path = Info.plist; sourceTree = "<group>"; };
		A1B2C3D4E5F6030100 /* ModernClipboard.entitlements */ = {isa = PBXFileReference; lastKnownFileType = text.plist.entitlements; path = ModernClipboard.entitlements; sourceTree = "<group>"; };
		A1B2C3D4E5F6000300 /* Modern Clipboard.app */ = {isa = PBXFileReference; explicitFileType = wrapper.application; includeInIndex = 0; path = "Modern Clipboard.app"; sourceTree = BUILT_PRODUCTS_DIR; };
/* End PBXFileReference section */

/* Begin PBXFrameworksBuildPhase section */
		A1B2C3D4E5F6002200 /* Frameworks */ = {
			isa = PBXFrameworksBuildPhase;
			buildActionMask = 2147483647;
			files = (
				A1B2C3D4E5F6040200 /* Sparkle in Frameworks */,
			);
			runOnlyForDeploymentPostprocessing = 0;
		};
/* End PBXFrameworksBuildPhase section */

/* Begin PBXGroup section */
		A1B2C3D4E5F6001000 = {
			isa = PBXGroup;
			children = (
				A1B2C3D4E5F6001100 /* Modern Clipboard */,
				A1B2C3D4E5F6001200 /* Products */,
			);
			sourceTree = "<group>";
		};
		A1B2C3D4E5F6001100 /* Modern Clipboard */ = {
			isa = PBXGroup;
			children = (
				A1B2C3D4E5F6010000,
				A1B2C3D4E5F6010100,
				A1B2C3D4E5F6010200,
				A1B2C3D4E5F6010300,
				A1B2C3D4E5F6010400,
				A1B2C3D4E5F6010500,
				A1B2C3D4E5F6010600,
				A1B2C3D4E5F6010700,
				A1B2C3D4E5F6010800,
				A1B2C3D4E5F6010900,
				A1B2C3D4E5F6010A00,
				A1B2C3D4E5F6010B00,
				A1B2C3D4E5F6010C00,
				A1B2C3D4E5F6010D00,
				A1B2C3D4E5F6010E00,
				A1B2C3D4E5F6010F00,
				A1B2C3D4E5F6011000,
				A1B2C3D4E5F6011100,
				A1B2C3D4E5F6011200,
				A1B2C3D4E5F6011300,
				A1B2C3D4E5F6030000,
				A1B2C3D4E5F6030100,
			);
			name = Sources;
			path = Sources;
			sourceTree = "<group>";
		};
		A1B2C3D4E5F6001200 /* Products */ = {
			isa = PBXGroup;
			children = (
				A1B2C3D4E5F6000300 /* Modern Clipboard.app */,
			);
			name = Products;
			sourceTree = "<group>";
		};
/* End PBXGroup section */

/* Begin PBXNativeTarget section */
		A1B2C3D4E5F6000200 /* Modern Clipboard */ = {
			isa = PBXNativeTarget;
			buildConfigurationList = A1B2C3D4E5F6003500 /* Build configuration list for PBXNativeTarget "Modern Clipboard" */;
			buildPhases = (
				A1B2C3D4E5F6002000 /* Sources */,
				A1B2C3D4E5F6002100 /* Resources */,
				A1B2C3D4E5F6002200 /* Frameworks */,
			);
			buildRules = (
			);
			dependencies = (
			);
			name = "Modern Clipboard";
			packageProductDependencies = (
				A1B2C3D4E5F6040100 /* Sparkle */,
			);
			productName = "Modern Clipboard";
			productReference = A1B2C3D4E5F6000300 /* Modern Clipboard.app */;
			productType = "com.apple.product-type.application";
		};
/* End PBXNativeTarget section */

/* Begin PBXProject section */
		A1B2C3D4E5F6000100 /* Project object */ = {
			isa = PBXProject;
			attributes = {
				LastUpgradeCheck = 1500;
				TargetAttributes = {
					A1B2C3D4E5F6000200 = {
						CreatedOnToolsVersion = 15.0;
					};
				};
			};
			buildConfigurationList = A1B2C3D4E5F6003400 /* Build configuration list for PBXProject "Modern Clipboard" */;
			compatibilityVersion = "Xcode 14.0";
			developmentRegion = en;
			hasScannedForEncodings = 0;
			knownRegions = (
				en,
				Base,
			);
			mainGroup = A1B2C3D4E5F6001000;
			productRefGroup = A1B2C3D4E5F6001200 /* Products */;
			packageReferences = (
				A1B2C3D4E5F6040000 /* XCRemoteSwiftPackageReference "Sparkle" */,
			);
			projectDirPath = "";
			projectRoot = "";
			targets = (
				A1B2C3D4E5F6000200 /* Modern Clipboard */,
			);
		};
/* End PBXProject section */

/* Begin PBXResourcesBuildPhase section */
		A1B2C3D4E5F6002100 /* Resources */ = {
			isa = PBXResourcesBuildPhase;
			buildActionMask = 2147483647;
			files = (
				A1B2C3D4E5F6021200 /* Assets.xcassets in Resources */,
				A1B2C3D4E5F6021300 /* Modern Clipboard Quick Start v1.0.0.pdf in Resources */,
			);
			runOnlyForDeploymentPostprocessing = 0;
		};
/* End PBXResourcesBuildPhase section */

/* Begin PBXSourcesBuildPhase section */
		A1B2C3D4E5F6002000 /* Sources */ = {
			isa = PBXSourcesBuildPhase;
			buildActionMask = 2147483647;
			files = (
				A1B2C3D4E5F6020000 /* main.swift in Sources */,
				A1B2C3D4E5F6020100 /* AppDelegate.swift in Sources */,
				A1B2C3D4E5F6020200 /* ClipItem.swift in Sources */,
				A1B2C3D4E5F6020300 /* ClipboardHistory.swift in Sources */,
				A1B2C3D4E5F6020400 /* ClipboardMonitor.swift in Sources */,
				A1B2C3D4E5F6020500 /* ClipboardPopupController.swift in Sources */,
				A1B2C3D4E5F6020600 /* PasteService.swift in Sources */,
				A1B2C3D4E5F6020700 /* HotkeyManager.swift in Sources */,
				A1B2C3D4E5F6020800 /* Snippet.swift in Sources */,
				A1B2C3D4E5F6020900 /* SnippetFolder.swift in Sources */,
				A1B2C3D4E5F6020A00 /* SnippetManager.swift in Sources */,
				A1B2C3D4E5F6020B00 /* Preferences.swift in Sources */,
				A1B2C3D4E5F6020C00 /* MenuBarManager.swift in Sources */,
				A1B2C3D4E5F6020D00 /* PreferencesWindowController.swift in Sources */,
				A1B2C3D4E5F6020E00 /* SnippetsEditorWindowController.swift in Sources */,
				A1B2C3D4E5F6020F00 /* Extensions.swift in Sources */,
				A1B2C3D4E5F6021000 /* UpdaterManager.swift in Sources */,
				A1B2C3D4E5F6021100 /* AppLogger.swift in Sources */,
			);
			runOnlyForDeploymentPostprocessing = 0;
		};
/* End PBXSourcesBuildPhase section */

/* Begin XCBuildConfiguration section */
		A1B2C3D4E5F6003000 /* Debug */ = {
			isa = XCBuildConfiguration;
			buildSettings = {
				ALWAYS_SEARCH_USER_PATHS = NO;
				CLANG_ANALYZER_NONNULL = YES;
				CLANG_ENABLE_MODULES = YES;
				CLANG_ENABLE_OBJC_ARC = YES;
				COPY_PHASE_STRIP = NO;
				DEBUG_INFORMATION_FORMAT = dwarf;
				ENABLE_STRICT_OBJC_MSGSEND = YES;
				GCC_NO_COMMON_BLOCKS = YES;
				MACOSX_DEPLOYMENT_TARGET = 15.0;
				SWIFT_VERSION = 5.0;
				ONLY_ACTIVE_ARCH = YES;
				SWIFT_OPTIMIZATION_LEVEL = "-Onone";
			};
			name = Debug;
		};
		A1B2C3D4E5F6003100 /* Release */ = {
			isa = XCBuildConfiguration;
			buildSettings = {
				ALWAYS_SEARCH_USER_PATHS = NO;
				CLANG_ANALYZER_NONNULL = YES;
				CLANG_ENABLE_MODULES = YES;
				CLANG_ENABLE_OBJC_ARC = YES;
				COPY_PHASE_STRIP = NO;
				DEBUG_INFORMATION_FORMAT = dwarf;
				ENABLE_STRICT_OBJC_MSGSEND = YES;
				GCC_NO_COMMON_BLOCKS = YES;
				MACOSX_DEPLOYMENT_TARGET = 15.0;
				SWIFT_VERSION = 5.0;
				SWIFT_OPTIMIZATION_LEVEL = "-O";
			};
			name = Release;
		};
		A1B2C3D4E5F6003200 /* Debug */ = {
			isa = XCBuildConfiguration;
			buildSettings = {
				ASSETCATALOG_COMPILER_APPICON_NAME = AppIcon;
				CODE_SIGN_STYLE = Manual;
				COMBINE_HIDPI_IMAGES = YES;
				ENABLE_HARDENED_RUNTIME = YES;
				INFOPLIST_FILE = Sources/Info.plist;
				LD_RUNPATH_SEARCH_PATHS = (
					"$(inherited)",
					"@executable_path/../Frameworks",
				);
				MACOSX_DEPLOYMENT_TARGET = 15.0;
				PRODUCT_BUNDLE_IDENTIFIER = com.modernclipboard.app;
				PRODUCT_NAME = "Modern Clipboard";
				SWIFT_VERSION = 5.0;
				CODE_SIGN_ENTITLEMENTS = Sources/ModernClipboard-Debug.entitlements;
				CODE_SIGN_IDENTITY = "ModernClipy Dev";
				SWIFT_ACTIVE_COMPILATION_CONDITIONS = DEBUG;
			};
			name = Debug;
		};
		A1B2C3D4E5F6003300 /* Release */ = {
			isa = XCBuildConfiguration;
			buildSettings = {
				ASSETCATALOG_COMPILER_APPICON_NAME = AppIcon;
				CODE_SIGN_STYLE = Manual;
				COMBINE_HIDPI_IMAGES = YES;
				ENABLE_HARDENED_RUNTIME = YES;
				INFOPLIST_FILE = Sources/Info.plist;
				LD_RUNPATH_SEARCH_PATHS = (
					"$(inherited)",
					"@executable_path/../Frameworks",
				);
				MACOSX_DEPLOYMENT_TARGET = 15.0;
				PRODUCT_BUNDLE_IDENTIFIER = com.modernclipboard.app;
				PRODUCT_NAME = "Modern Clipboard";
				SWIFT_VERSION = 5.0;
				CODE_SIGN_ENTITLEMENTS = Sources/ModernClipboard.entitlements;
				CODE_SIGN_IDENTITY = "Developer ID Application: MOR MEZRICH (XW9JVVTBT8)";
				DEVELOPMENT_TEAM = XW9JVVTBT8;
			};
			name = Release;
		};
/* End XCBuildConfiguration section */

/* Begin XCConfigurationList section */
		A1B2C3D4E5F6003400 /* Build configuration list for PBXProject "Modern Clipboard" */ = {
			isa = XCConfigurationList;
			buildConfigurations = (
				A1B2C3D4E5F6003000 /* Debug */,
				A1B2C3D4E5F6003100 /* Release */,
			);
			defaultConfigurationIsVisible = 0;
			defaultConfigurationName = Release;
		};
		A1B2C3D4E5F6003500 /* Build configuration list for PBXNativeTarget "Modern Clipboard" */ = {
			isa = XCConfigurationList;
			buildConfigurations = (
				A1B2C3D4E5F6003200 /* Debug */,
				A1B2C3D4E5F6003300 /* Release */,
			);
			defaultConfigurationIsVisible = 0;
			defaultConfigurationName = Release;
		};
/* End XCConfigurationList section */

/* Begin XCRemoteSwiftPackageReference section */
		A1B2C3D4E5F6040000 /* XCRemoteSwiftPackageReference "Sparkle" */ = {
			isa = XCRemoteSwiftPackageReference;
			repositoryURL = "https://github.com/sparkle-project/Sparkle";
			requirement = {
				kind = upToNextMajorVersion;
				minimumVersion = 2.0.0;
			};
		};
/* End XCRemoteSwiftPackageReference section */

/* Begin XCSwiftPackageProductDependency section */
		A1B2C3D4E5F6040100 /* Sparkle */ = {
			isa = XCSwiftPackageProductDependency;
			package = A1B2C3D4E5F6040000 /* XCRemoteSwiftPackageReference "Sparkle" */;
			productName = Sparkle;
		};
/* End XCSwiftPackageProductDependency section */

	};
	rootObject = A1B2C3D4E5F6000100 /* Project object */;
}
